
Microsoft Visual Studio Solution File, Format Version 12.00
# Visual Studio Version 17
VisualStudioVersion = 17.12.35707.178
MinimumVisualStudioVersion = 10.0.40219.1
Project("{FAE04EC0-301F-11D3-BF4B-00C04F79EFBC}") = "Strategy", "Strategy\Strategy.csproj", "{00C54B0B-B8E4-442F-8816-972D78FCFD14}"
EndProject
Project("{FAE04EC0-301F-11D3-BF4B-00C04F79EFBC}") = "StrategyForNestedIfs", "StrategyForNestedIfs\StrategyForNestedIfs.csproj", "{8B644AE2-F31C-4D2C-8B81-052FE2204052}"
EndProject
Global
	GlobalSection(SolutionConfigurationPlatforms) = preSolution
		Debug|Any CPU = Debug|Any CPU
		Release|Any CPU = Release|Any CPU
	EndGlobalSection
	GlobalSection(ProjectConfigurationPlatforms) = postSolution
		{00C54B0B-B8E4-442F-8816-972D78FCFD14}.Debug|Any CPU.ActiveCfg = Debug|Any CPU
		{00C54B0B-B8E4-442F-8816-972D78FCFD14}.Debug|Any CPU.Build.0 = Debug|Any CPU
		{00C54B0B-B8E4-442F-8816-972D78FCFD14}.Release|Any CPU.ActiveCfg = Release|Any CPU
		{00C54B0B-B8E4-442F-8816-972D78FCFD14}.Release|Any CPU.Build.0 = Release|Any CPU
		{8B644AE2-F31C-4D2C-8B81-052FE2204052}.Debug|Any CPU.ActiveCfg = Debug|Any CPU
		{8B644AE2-F31C-4D2C-8B81-052FE2204052}.Debug|Any CPU.Build.0 = Debug|Any CPU
		{8B644AE2-F31C-4D2C-8B81-052FE2204052}.Release|Any CPU.ActiveCfg = Release|Any CPU
		{8B644AE2-F31C-4D2C-8B81-052FE2204052}.Release|Any CPU.Build.0 = Release|Any CPU
	EndGlobalSection
	GlobalSection(SolutionProperties) = preSolution
		HideSolutionNode = FALSE
	EndGlobalSection
EndGlobal
